
Microsoft Visual Studio Solution File, Format Version 12.00
Project("{FAE04EC0-301F-11D3-BF4B-00C04F79EFBC}") = "TestCode", "TestCode\TestCode.csproj", "{5A80A204-09AF-4C2C-9F5A-00A09CA478D9}"
EndProject
Project("{2150E333-8FDC-42A3-9474-1A3956D46DE8}") = "tests", "tests", "{0AB3BF05-4346-4AA6-1389-037BE0695223}"
EndProject
Project("{FAE04EC0-301F-11D3-BF4B-00C04F79EFBC}") = "IdleRpg.HarnessTests", "tests\IdleRpg.HarnessTests\IdleRpg.HarnessTests.csproj", "{2A510FF1-205F-4CC3-A831-98AB9EC03D57}"
EndProject
Project("{FAE04EC0-301F-11D3-BF4B-00C04F79EFBC}") = "IdleRpg.Grader", "tests\IdleRpg.Grader\IdleRpg.Grader.csproj", "{589EBBA3-DF6B-4B50-A62D-DFB60B90458F}"
EndProject
Project("{FAE04EC0-301F-11D3-BF4B-00C04F79EFBC}") = "GameServer", "GameServer\GameServer.csproj", "{9CE05B3F-4123-437B-A102-19D14E846346}"
EndProject
Project("{FAE04EC0-301F-11D3-BF4B-00C04F79EFBC}") = "GameServer.Tests", "tests\GameServer.Tests\GameServer.Tests.csproj", "{3A1860FB-4499-4761-A052-15CB4749B906}"
EndProject
Project("{FAE04EC0-301F-11D3-BF4B-00C04F79EFBC}") = "ServerLib", "ServerLib\ServerLib.csproj", "{A42A4F83-F884-4C6B-AB15-80DA4B4AA18D}"
EndProject
Project("{2150E333-8FDC-42A3-9474-1A3956D46DE8}") = "examples", "examples", "{B36A84DF-456D-A817-6EDD-3EC3E7F6E11F}"
EndProject
Project("{FAE04EC0-301F-11D3-BF4B-00C04F79EFBC}") = "EchoServer", "examples\EchoServer\EchoServer.csproj", "{563A39B5-A7CD-42A0-903C-6FFBA9F68F91}"
EndProject
Project("{FAE04EC0-301F-11D3-BF4B-00C04F79EFBC}") = "EchoClient", "examples\EchoClient\EchoClient.csproj", "{4D911C13-516C-40A5-B170-2B1FFC48D774}"
EndProject
Project("{FAE04EC0-301F-11D3-BF4B-00C04F79EFBC}") = "EchoExample.Tests", "tests\EchoExample.Tests\EchoExample.Tests.csproj", "{EDDFED88-A10F-4654-AEAB-85F0135B5717}"
EndProject
Project("{FAE04EC0-301F-11D3-BF4B-00C04F79EFBC}") = "AuthServer", "AuthServer\AuthServer.csproj", "{13946101-FB07-4935-88F7-E0AD09B5E837}"
EndProject
Project("{FAE04EC0-301F-11D3-BF4B-00C04F79EFBC}") = "AuthServer.Tests", "tests\AuthServer.Tests\AuthServer.Tests.csproj", "{75AA2F5B-32C9-43F8-A151-2EC13BD8B96C}"
EndProject
Global
	GlobalSection(SolutionConfigurationPlatforms) = preSolution
		Debug|Any CPU = Debug|Any CPU
		Debug|x64 = Debug|x64
		Debug|x86 = Debug|x86
		Release|Any CPU = Release|Any CPU
		Release|x64 = Release|x64
		Release|x86 = Release|x86
	EndGlobalSection
	GlobalSection(ProjectConfigurationPlatforms) = postSolution
		{5A80A204-09AF-4C2C-9F5A-00A09CA478D9}.Debug|Any CPU.ActiveCfg = Debug|Any CPU
		{5A80A204-09AF-4C2C-9F5A-00A09CA478D9}.Debug|Any CPU.Build.0 = Debug|Any CPU
		{5A80A204-09AF-4C2C-9F5A-00A09CA478D9}.Debug|x64.ActiveCfg = Debug|Any CPU
		{5A80A204-09AF-4C2C-9F5A-00A09CA478D9}.Debug|x64.Build.0 = Debug|Any CPU
		{5A80A204-09AF-4C2C-9F5A-00A09CA478D9}.Debug|x86.ActiveCfg = Debug|Any CPU
		{5A80A204-09AF-4C2C-9F5A-00A09CA478D9}.Debug|x86.Build.0 = Debug|Any CPU
		{5A80A204-09AF-4C2C-9F5A-00A09CA478D9}.Release|Any CPU.ActiveCfg = Release|Any CPU
		{5A80A204-09AF-4C2C-9F5A-00A09CA478D9}.Release|Any CPU.Build.0 = Release|Any CPU
		{5A80A204-09AF-4C2C-9F5A-00A09CA478D9}.Release|x64.ActiveCfg = Release|Any CPU
		{5A80A204-09AF-4C2C-9F5A-00A09CA478D9}.Release|x64.Build.0 = Release|Any CPU
		{5A80A204-09AF-4C2C-9F5A-00A09CA478D9}.Release|x86.ActiveCfg = Release|Any CPU
		{5A80A204-09AF-4C2C-9F5A-00A09CA478D9}.Release|x86.Build.0 = Release|Any CPU
		{2A510FF1-205F-4CC3-A831-98AB9EC03D57}.Debug|Any CPU.ActiveCfg = Debug|Any CPU
		{2A510FF1-205F-4CC3-A831-98AB9EC03D57}.Debug|Any CPU.Build.0 = Debug|Any CPU
		{2A510FF1-205F-4CC3-A831-98AB9EC03D57}.Debug|x64.ActiveCfg = Debug|Any CPU
		{2A510FF1-205F-4CC3-A831-98AB9EC03D57}.Debug|x64.Build.0 = Debug|Any CPU
		{2A510FF1-205F-4CC3-A831-98AB9EC03D57}.Debug|x86.ActiveCfg = Debug|Any CPU
		{2A510FF1-205F-4CC3-A831-98AB9EC03D57}.Debug|x86.Build.0 = Debug|Any CPU
		{2A510FF1-205F-4CC3-A831-98AB9EC03D57}.Release|Any CPU.ActiveCfg = Release|Any CPU
		{2A510FF1-205F-4CC3-A831-98AB9EC03D57}.Release|Any CPU.Build.0 = Release|Any CPU
		{2A510FF1-205F-4CC3-A831-98AB9EC03D57}.Release|x64.ActiveCfg = Release|Any CPU
		{2A510FF1-205F-4CC3-A831-98AB9EC03D57}.Release|x64.Build.0 = Release|Any CPU
		{2A510FF1-205F-4CC3-A831-98AB9EC03D57}.Release|x86.ActiveCfg = Release|Any CPU
		{2A510FF1-205F-4CC3-A831-98AB9EC03D57}.Release|x86.Build.0 = Release|Any CPU
		{589EBBA3-DF6B-4B50-A62D-DFB60B90458F}.Debug|Any CPU.ActiveCfg = Debug|Any CPU
		{589EBBA3-DF6B-4B50-A62D-DFB60B90458F}.Debug|Any CPU.Build.0 = Debug|Any CPU
		{589EBBA3-DF6B-4B50-A62D-DFB60B90458F}.Debug|x64.ActiveCfg = Debug|Any CPU
		{589EBBA3-DF6B-4B50-A62D-DFB60B90458F}.Debug|x64.Build.0 = Debug|Any CPU
		{589EBBA3-DF6B-4B50-A62D-DFB60B90458F}.Debug|x86.ActiveCfg = Debug|Any CPU
		{589EBBA3-DF6B-4B50-A62D-DFB60B90458F}.Debug|x86.Build.0 = Debug|Any CPU
		{589EBBA3-DF6B-4B50-A62D-DFB60B90458F}.Release|Any CPU.ActiveCfg = Release|Any CPU
		{589EBBA3-DF6B-4B50-A62D-DFB60B90458F}.Release|Any CPU.Build.0 = Release|Any CPU
		{589EBBA3-DF6B-4B50-A62D-DFB60B90458F}.Release|x64.ActiveCfg = Release|Any CPU
		{589EBBA3-DF6B-4B50-A62D-DFB60B90458F}.Release|x64.Build.0 = Release|Any CPU
		{589EBBA3-DF6B-4B50-A62D-DFB60B90458F}.Release|x86.ActiveCfg = Release|Any CPU
		{589EBBA3-DF6B-4B50-A62D-DFB60B90458F}.Release|x86.Build.0 = Release|Any CPU
		{9CE05B3F-4123-437B-A102-19D14E846346}.Debug|Any CPU.ActiveCfg = Debug|Any CPU
		{9CE05B3F-4123-437B-A102-19D14E846346}.Debug|Any CPU.Build.0 = Debug|Any CPU
		{9CE05B3F-4123-437B-A102-19D14E846346}.Debug|x64.ActiveCfg = Debug|Any CPU
		{9CE05B3F-4123-437B-A102-19D14E846346}.Debug|x64.Build.0 = Debug|Any CPU
		{9CE05B3F-4123-437B-A102-19D14E846346}.Debug|x86.ActiveCfg = Debug|Any CPU
		{9CE05B3F-4123-437B-A102-19D14E846346}.Debug|x86.Build.0 = Debug|Any CPU
		{9CE05B3F-4123-437B-A102-19D14E846346}.Release|Any CPU.ActiveCfg = Release|Any CPU
		{9CE05B3F-4123-437B-A102-19D14E846346}.Release|Any CPU.Build.0 = Release|Any CPU
		{9CE05B3F-4123-437B-A102-19D14E846346}.Release|x64.ActiveCfg = Release|Any CPU
		{9CE05B3F-4123-437B-A102-19D14E846346}.Release|x64.Build.0 = Release|Any CPU
		{9CE05B3F-4123-437B-A102-19D14E846346}.Release|x86.ActiveCfg = Release|Any CPU
		{9CE05B3F-4123-437B-A102-19D14E846346}.Release|x86.Build.0 = Release|Any CPU
		{3A1860FB-4499-4761-A052-15CB4749B906}.Debug|Any CPU.ActiveCfg = Debug|Any CPU
		{3A1860FB-4499-4761-A052-15CB4749B906}.Debug|Any CPU.Build.0 = Debug|Any CPU
		{3A1860FB-4499-4761-A052-15CB4749B906}.Debug|x64.ActiveCfg = Debug|Any CPU
		{3A1860FB-4499-4761-A052-15CB4749B906}.Debug|x64.Build.0 = Debug|Any CPU
		{3A1860FB-4499-4761-A052-15CB4749B906}.Debug|x86.ActiveCfg = Debug|Any CPU
		{3A1860FB-4499-4761-A052-15CB4749B906}.Debug|x86.Build.0 = Debug|Any CPU
		{3A1860FB-4499-4761-A052-15CB4749B906}.Release|Any CPU.ActiveCfg = Release|Any CPU
		{3A1860FB-4499-4761-A052-15CB4749B906}.Release|Any CPU.Build.0 = Release|Any CPU
		{3A1860FB-4499-4761-A052-15CB4749B906}.Release|x64.ActiveCfg = Release|Any CPU
		{3A1860FB-4499-4761-A052-15CB4749B906}.Release|x64.Build.0 = Release|Any CPU
		{3A1860FB-4499-4761-A052-15CB4749B906}.Release|x86.ActiveCfg = Release|Any CPU
		{3A1860FB-4499-4761-A052-15CB4749B906}.Release|x86.Build.0 = Release|Any CPU
		{A42A4F83-F884-4C6B-AB15-80DA4B4AA18D}.Debug|Any CPU.ActiveCfg = Debug|Any CPU
		{A42A4F83-F884-4C6B-AB15-80DA4B4AA18D}.Debug|Any CPU.Build.0 = Debug|Any CPU
		{A42A4F83-F884-4C6B-AB15-80DA4B4AA18D}.Debug|x64.ActiveCfg = Debug|Any CPU
		{A42A4F83-F884-4C6B-AB15-80DA4B4AA18D}.Debug|x64.Build.0 = Debug|Any CPU
		{A42A4F83-F884-4C6B-AB15-80DA4B4AA18D}.Debug|x86.ActiveCfg = Debug|Any CPU
		{A42A4F83-F884-4C6B-AB15-80DA4B4AA18D}.Debug|x86.Build.0 = Debug|Any CPU
		{A42A4F83-F884-4C6B-AB15-80DA4B4AA18D}.Release|Any CPU.ActiveCfg = Release|Any CPU
		{A42A4F83-F884-4C6B-AB15-80DA4B4AA18D}.Release|Any CPU.Build.0 = Release|Any CPU
		{A42A4F83-F884-4C6B-AB15-80DA4B4AA18D}.Release|x64.ActiveCfg = Release|Any CPU
		{A42A4F83-F884-4C6B-AB15-80DA4B4AA18D}.Release|x64.Build.0 = Release|Any CPU
		{A42A4F83-F884-4C6B-AB15-80DA4B4AA18D}.Release|x86.ActiveCfg = Release|Any CPU
		{A42A4F83-F884-4C6B-AB15-80DA4B4AA18D}.Release|x86.Build.0 = Release|Any CPU
		{563A39B5-A7CD-42A0-903C-6FFBA9F68F91}.Debug|Any CPU.ActiveCfg = Debug|Any CPU
		{563A39B5-A7CD-42A0-903C-6FFBA9F68F91}.Debug|Any CPU.Build.0 = Debug|Any CPU
		{563A39B5-A7CD-42A0-903C-6FFBA9F68F91}.Debug|x64.ActiveCfg = Debug|Any CPU
		{563A39B5-A7CD-42A0-903C-6FFBA9F68F91}.Debug|x64.Build.0 = Debug|Any CPU
		{563A39B5-A7CD-42A0-903C-6FFBA9F68F91}.Debug|x86.ActiveCfg = Debug|Any CPU
		{563A39B5-A7CD-42A0-903C-6FFBA9F68F91}.Debug|x86.Build.0 = Debug|Any CPU
		{563A39B5-A7CD-42A0-903C-6FFBA9F68F91}.Release|Any CPU.ActiveCfg = Release|Any CPU
		{563A39B5-A7CD-42A0-903C-6FFBA9F68F91}.Release|Any CPU.Build.0 = Release|Any CPU
		{563A39B5-A7CD-42A0-903C-6FFBA9F68F91}.Release|x64.ActiveCfg = Release|Any CPU
		{563A39B5-A7CD-42A0-903C-6FFBA9F68F91}.Release|x64.Build.0 = Release|Any CPU
		{563A39B5-A7CD-42A0-903C-6FFBA9F68F91}.Release|x86.ActiveCfg = Release|Any CPU
		{563A39B5-A7CD-42A0-903C-6FFBA9F68F91}.Release|x86.Build.0 = Release|Any CPU
		{4D911C13-516C-40A5-B170-2B1FFC48D774}.Debug|Any CPU.ActiveCfg = Debug|Any CPU
		{4D911C13-516C-40A5-B170-2B1FFC48D774}.Debug|Any CPU.Build.0 = Debug|Any CPU
		{4D911C13-516C-40A5-B170-2B1FFC48D774}.Debug|x64.ActiveCfg = Debug|Any CPU
		{4D911C13-516C-40A5-B170-2B1FFC48D774}.Debug|x64.Build.0 = Debug|Any CPU
		{4D911C13-516C-40A5-B170-2B1FFC48D774}.Debug|x86.ActiveCfg = Debug|Any CPU
		{4D911C13-516C-40A5-B170-2B1FFC48D774}.Debug|x86.Build.0 = Debug|Any CPU
		{4D911C13-516C-40A5-B170-2B1FFC48D774}.Release|Any CPU.ActiveCfg = Release|Any CPU
		{4D911C13-516C-40A5-B170-2B1FFC48D774}.Release|Any CPU.Build.0 = Release|Any CPU
		{4D911C13-516C-40A5-B170-2B1FFC48D774}.Release|x64.ActiveCfg = Release|Any CPU
		{4D911C13-516C-40A5-B170-2B1FFC48D774}.Release|x64.Build.0 = Release|Any CPU
		{4D911C13-516C-40A5-B170-2B1FFC48D774}.Release|x86.ActiveCfg = Release|Any CPU
		{4D911C13-516C-40A5-B170-2B1FFC48D774}.Release|x86.Build.0 = Release|Any CPU
		{EDDFED88-A10F-4654-AEAB-85F0135B5717}.Debug|Any CPU.ActiveCfg = Debug|Any CPU
		{EDDFED88-A10F-4654-AEAB-85F0135B5717}.Debug|Any CPU.Build.0 = Debug|Any CPU
		{EDDFED88-A10F-4654-AEAB-85F0135B5717}.Debug|x64.ActiveCfg = Debug|Any CPU
		{EDDFED88-A10F-4654-AEAB-85F0135B5717}.Debug|x64.Build.0 = Debug|Any CPU
		{EDDFED88-A10F-4654-AEAB-85F0135B5717}.Debug|x86.ActiveCfg = Debug|Any CPU
		{EDDFED88-A10F-4654-AEAB-85F0135B5717}.Debug|x86.Build.0 = Debug|Any CPU
		{EDDFED88-A10F-4654-AEAB-85F0135B5717}.Release|Any CPU.ActiveCfg = Release|Any CPU
		{EDDFED88-A10F-4654-AEAB-85F0135B5717}.Release|Any CPU.Build.0 = Release|Any CPU
		{EDDFED88-A10F-4654-AEAB-85F0135B5717}.Release|x64.ActiveCfg = Release|Any CPU
		{EDDFED88-A10F-4654-AEAB-85F0135B5717}.Release|x64.Build.0 = Release|Any CPU
		{EDDFED88-A10F-4654-AEAB-85F0135B5717}.Release|x86.ActiveCfg = Release|Any CPU
		{EDDFED88-A10F-4654-AEAB-85F0135B5717}.Release|x86.Build.0 = Release|Any CPU
		{13946101-FB07-4935-88F7-E0AD09B5E837}.Debug|Any CPU.ActiveCfg = Debug|Any CPU
		{13946101-FB07-4935-88F7-E0AD09B5E837}.Debug|Any CPU.Build.0 = Debug|Any CPU
		{13946101-FB07-4935-88F7-E0AD09B5E837}.Debug|x64.ActiveCfg = Debug|Any CPU
		{13946101-FB07-4935-88F7-E0AD09B5E837}.Debug|x64.Build.0 = Debug|Any CPU
		{13946101-FB07-4935-88F7-E0AD09B5E837}.Debug|x86.ActiveCfg = Debug|Any CPU
		{13946101-FB07-4935-88F7-E0AD09B5E837}.Debug|x86.Build.0 = Debug|Any CPU
		{13946101-FB07-4935-88F7-E0AD09B5E837}.Release|Any CPU.ActiveCfg = Release|Any CPU
		{13946101-FB07-4935-88F7-E0AD09B5E837}.Release|Any CPU.Build.0 = Release|Any CPU
		{13946101-FB07-4935-88F7-E0AD09B5E837}.Release|x64.ActiveCfg = Release|Any CPU
		{13946101-FB07-4935-88F7-E0AD09B5E837}.Release|x64.Build.0 = Release|Any CPU
		{13946101-FB07-4935-88F7-E0AD09B5E837}.Release|x86.ActiveCfg = Release|Any CPU
		{13946101-FB07-4935-88F7-E0AD09B5E837}.Release|x86.Build.0 = Release|Any CPU
		{75AA2F5B-32C9-43F8-A151-2EC13BD8B96C}.Debug|Any CPU.ActiveCfg = Debug|Any CPU
		{75AA2F5B-32C9-43F8-A151-2EC13BD8B96C}.Debug|Any CPU.Build.0 = Debug|Any CPU
		{75AA2F5B-32C9-43F8-A151-2EC13BD8B96C}.Debug|x64.ActiveCfg = Debug|Any CPU
		{75AA2F5B-32C9-43F8-A151-2EC13BD8B96C}.Debug|x64.Build.0 = Debug|Any CPU
		{75AA2F5B-32C9-43F8-A151-2EC13BD8B96C}.Debug|x86.ActiveCfg = Debug|Any CPU
		{75AA2F5B-32C9-43F8-A151-2EC13BD8B96C}.Debug|x86.Build.0 = Debug|Any CPU
		{75AA2F5B-32C9-43F8-A151-2EC13BD8B96C}.Release|Any CPU.ActiveCfg = Release|Any CPU
		{75AA2F5B-32C9-43F8-A151-2EC13BD8B96C}.Release|Any CPU.Build.0 = Release|Any CPU
		{75AA2F5B-32C9-43F8-A151-2EC13BD8B96C}.Release|x64.ActiveCfg = Release|Any CPU
		{75AA2F5B-32C9-43F8-A151-2EC13BD8B96C}.Release|x64.Build.0 = Release|Any CPU
		{75AA2F5B-32C9-43F8-A151-2EC13BD8B96C}.Release|x86.ActiveCfg = Release|Any CPU
		{75AA2F5B-32C9-43F8-A151-2EC13BD8B96C}.Release|x86.Build.0 = Release|Any CPU
	EndGlobalSection
	GlobalSection(SolutionProperties) = preSolution
		HideSolutionNode = FALSE
	EndGlobalSection
	GlobalSection(NestedProjects) = preSolution
		{2A510FF1-205F-4CC3-A831-98AB9EC03D57} = {0AB3BF05-4346-4AA6-1389-037BE0695223}
		{589EBBA3-DF6B-4B50-A62D-DFB60B90458F} = {0AB3BF05-4346-4AA6-1389-037BE0695223}
		{3A1860FB-4499-4761-A052-15CB4749B906} = {0AB3BF05-4346-4AA6-1389-037BE0695223}
		{563A39B5-A7CD-42A0-903C-6FFBA9F68F91} = {B36A84DF-456D-A817-6EDD-3EC3E7F6E11F}
		{4D911C13-516C-40A5-B170-2B1FFC48D774} = {B36A84DF-456D-A817-6EDD-3EC3E7F6E11F}
		{EDDFED88-A10F-4654-AEAB-85F0135B5717} = {0AB3BF05-4346-4AA6-1389-037BE0695223}
		{75AA2F5B-32C9-43F8-A151-2EC13BD8B96C} = {0AB3BF05-4346-4AA6-1389-037BE0695223}
	EndGlobalSection
EndGlobal
